
Microsoft Visual Studio Solution File, Format Version 12.00
# Visual Studio Version 17
VisualStudioVersion = 17.6.33829.357
MinimumVisualStudioVersion = 10.0.40219.1
Project("{FAE04EC0-301F-11D3-BF4B-00C04F79EFBC}") = "Övning 11.9", "Övning 11.9\Övning 11.9.csproj", "{2F3505A9-54D2-41AB-9846-796BB233BD68}"
EndProject
Global
	GlobalSection(SolutionConfigurationPlatforms) = preSolution
		Debug|Any CPU = Debug|Any CPU
		Release|Any CPU = Release|Any CPU
	EndGlobalSection
	GlobalSection(ProjectConfigurationPlatforms) = postSolution
		{2F3505A9-54D2-41AB-9846-796BB233BD68}.Debug|Any CPU.ActiveCfg = Debug|Any CPU
		{2F3505A9-54D2-41AB-9846-796BB233BD68}.Debug|Any CPU.Build.0 = Debug|Any CPU
		{2F3505A9-54D2-41AB-9846-796BB233BD68}.Release|Any CPU.ActiveCfg = Release|Any CPU
		{2F3505A9-54D2-41AB-9846-796BB233BD68}.Release|Any CPU.Build.0 = Release|Any CPU
	EndGlobalSection
	GlobalSection(SolutionProperties) = preSolution
		HideSolutionNode = FALSE
	EndGlobalSection
	GlobalSection(ExtensibilityGlobals) = postSolution
		SolutionGuid = {2538FAB3-BDD7-4BF7-A095-9F4C0BCC21CD}
	EndGlobalSection
EndGlobal
